
Microsoft Visual Studio Solution File, Format Version 12.00
# Visual Studio 15
VisualStudioVersion = 15.0.27703.2042
MinimumVisualStudioVersion = 10.0.40219.1
Project("{FAE04EC0-301F-11D3-BF4B-00C04F79EFBC}") = "HackerRank", "HackerRank\HackerRank.csproj", "{C78DC177-3525-4C5E-90C7-E21D1F479BF3}"
EndProject
Global
	GlobalSection(SolutionConfigurationPlatforms) = preSolution
		Debug|Any CPU = Debug|Any CPU
		Release|Any CPU = Release|Any CPU
	EndGlobalSection
	GlobalSection(ProjectConfigurationPlatforms) = postSolution
		{C78DC177-3525-4C5E-90C7-E21D1F479BF3}.Debug|Any CPU.ActiveCfg = Debug|Any CPU
		{C78DC177-3525-4C5E-90C7-E21D1F479BF3}.Debug|Any CPU.Build.0 = Debug|Any CPU
		{C78DC177-3525-4C5E-90C7-E21D1F479BF3}.Release|Any CPU.ActiveCfg = Release|Any CPU
		{C78DC177-3525-4C5E-90C7-E21D1F479BF3}.Release|Any CPU.Build.0 = Release|Any CPU
	EndGlobalSection
	GlobalSection(SolutionProperties) = preSolution
		HideSolutionNode = FALSE
	EndGlobalSection
	GlobalSection(ExtensibilityGlobals) = postSolution
		SolutionGuid = {3AF60A22-2C9A-44D1-9FC2-E31CE42BEBA8}
	EndGlobalSection
EndGlobal
